
Microsoft Visual Studio Solution File, Format Version 12.00
# Visual Studio Version 16
VisualStudioVersion = 16.0.32126.315
MinimumVisualStudioVersion = 10.0.40219.1
Project("{9A19103F-16F7-4668-BE54-9A1E7A4F7556}") = "Lab3", "Lab3\Lab3.csproj", "{DDDBE881-D4F9-4D50-9CB2-822496CCAD4E}"
EndProject
Project("{9A19103F-16F7-4668-BE54-9A1E7A4F7556}") = "Lab3.Test", "Lab3.Test\Lab3.Test.csproj", "{3BAF0227-4942-4C59-926E-8668E8100694}"
EndProject
Global
	GlobalSection(SolutionConfigurationPlatforms) = preSolution
		Debug|Any CPU = Debug|Any CPU
		Release|Any CPU = Release|Any CPU
	EndGlobalSection
	GlobalSection(ProjectConfigurationPlatforms) = postSolution
		{DDDBE881-D4F9-4D50-9CB2-822496CCAD4E}.Debug|Any CPU.ActiveCfg = Debug|Any CPU
		{DDDBE881-D4F9-4D50-9CB2-822496CCAD4E}.Debug|Any CPU.Build.0 = Debug|Any CPU
		{DDDBE881-D4F9-4D50-9CB2-822496CCAD4E}.Release|Any CPU.ActiveCfg = Release|Any CPU
		{DDDBE881-D4F9-4D50-9CB2-822496CCAD4E}.Release|Any CPU.Build.0 = Release|Any CPU
		{3BAF0227-4942-4C59-926E-8668E8100694}.Debug|Any CPU.ActiveCfg = Debug|Any CPU
		{3BAF0227-4942-4C59-926E-8668E8100694}.Debug|Any CPU.Build.0 = Debug|Any CPU
		{3BAF0227-4942-4C59-926E-8668E8100694}.Release|Any CPU.ActiveCfg = Release|Any CPU
		{3BAF0227-4942-4C59-926E-8668E8100694}.Release|Any CPU.Build.0 = Release|Any CPU
	EndGlobalSection
	GlobalSection(SolutionProperties) = preSolution
		HideSolutionNode = FALSE
	EndGlobalSection
	GlobalSection(ExtensibilityGlobals) = postSolution
		SolutionGuid = {645B58DB-0668-4C21-A067-A7D8FCB442BC}
	EndGlobalSection
EndGlobal
